<?xml version="1.0" encoding="utf-8"?>
<Project ToolsVersion="4.0" xmlns="http://schemas.microsoft.com/developer/msbuild/2003">
  <ItemGroup>
    <Filter Include="Source Files">
      <UniqueIdentifier>{4FC737F1-C7A5-4376-A066-2A32D752A2FF}</UniqueIdentifier>
      <Extensions>cpp;c;cc;cxx;def;odl;idl;hpj;bat;asm;asmx</Extensions>
    </Filter>
    <Filter Include="Header Files">
      <UniqueIdentifier>{93995380-89BD-4b04-88EB-625FBE52EBFB}</UniqueIdentifier>
      <Extensions>h;hh;hpp;hxx;hm;inl;inc;xsd</Extensions>
    </Filter>
    <Filter Include="Resource Files">
      <UniqueIdentifier>{67DA6AB6-F800-4c08-8B7A-83BB121AAD01}</UniqueIdentifier>
      <Extensions>rc;ico;cur;bmp;dlg;rc2;rct;bin;rgs;gif;jpg;jpeg;jpe;resx;tiff;tif;png;wav;mfcribbon-ms</Extensions>
    </Filter>
    <Filter Include="Header Files\Entity">
      <UniqueIdentifier>{9e14023c-e6be-4ac9-8efe-2eabe3204cca}</UniqueIdentifier>
    </Filter>
    <Filter Include="Header Files\Entity\Component">
      <UniqueIdentifier>{a8784f64-3361-4d75-89c5-b60acde27c73}</UniqueIdentifier>
    </Filter>
    <Filter Include="Source Files\Entity">
      <UniqueIdentifier>{a7a366ee-778f-402d-aa9a-10cec8f41edb}</UniqueIdentifier>
    </Filter>
    <Filter Include="Source Files\Entity\Component">
      <UniqueIdentifier>{d40e5c16-917a-4472-a301-fffbc61a0dcb}</UniqueIdentifier>
    </Filter>
    <Filter Include="Header Files\Entity\Character">
      <UniqueIdentifier>{b0ff24e6-2e2c-46d3-ba0a-32de97f64747}</UniqueIdentifier>
    </Filter>
    <Filter Include="Source Files\Entity\Character">
      <UniqueIdentifier>{f46a2e09-0c54-4ac7-a0bb-a798dc006055}</UniqueIdentifier>
    </Filter>
    <Filter Include="Header Files\Exception">
      <UniqueIdentifier>{9f27251e-d3ac-456c-bf89-daac8f5beb22}</UniqueIdentifier>
    </Filter>
    <Filter Include="Source Files\Exception">
      <UniqueIdentifier>{9a136569-9b3d-4360-a6b4-30d02a7e5613}</UniqueIdentifier>
    </Filter>
    <Filter Include="Header Files\Utility">
      <UniqueIdentifier>{edabf83d-293e-4a69-9e5a-2be487562601}</UniqueIdentifier>
    </Filter>
    <Filter Include="Source Files\Utility">
      <UniqueIdentifier>{f313f157-f4e0-46b8-8523-3659e38b9b17}</UniqueIdentifier>
    </Filter>
    <Filter Include="Header Files\Core">
      <UniqueIdentifier>{bbe2464d-0df4-4f2c-aab2-f52fad4636e8}</UniqueIdentifier>
    </Filter>
    <Filter Include="Header Files\Core\Module">
      <UniqueIdentifier>{d3b88a06-3fbd-4754-8147-defa0ba2f549}</UniqueIdentifier>
    </Filter>
    <Filter Include="Source Files\Core">
      <UniqueIdentifier>{08d8638b-3c53-4170-82e0-b8d5041c4a11}</UniqueIdentifier>
    </Filter>
    <Filter Include="Source Files\Core\Module">
      <UniqueIdentifier>{ecc01242-0ad5-49c3-87c4-522765a6da3c}</UniqueIdentifier>
    </Filter>
    <Filter Include="Header Files\Core\Module\Game">
      <UniqueIdentifier>{0897f62c-ef62-4ea0-b3d4-6ba21fae779a}</UniqueIdentifier>
    </Filter>
    <Filter Include="Header Files\Core\Module\Renderer">
      <UniqueIdentifier>{801ec7ee-17ca-4df6-aa7e-5d050cb88e3e}</UniqueIdentifier>
    </Filter>
    <Filter Include="Source Files\Core\Module\Game">
      <UniqueIdentifier>{9c888a7c-ca2a-4d51-930c-c8989d8706da}</UniqueIdentifier>
    </Filter>
    <Filter Include="Source Files\Core\Module\Renderer">
      <UniqueIdentifier>{f9059da1-ecc8-47c9-a84b-298a86194e01}</UniqueIdentifier>
    </Filter>
    <Filter Include="Header Files\Core\Module\Network">
      <UniqueIdentifier>{f32c282d-239c-459b-b9b8-b88ad44d1213}</UniqueIdentifier>
    </Filter>
    <Filter Include="Source Files\Core\Module\Network">
      <UniqueIdentifier>{c0a8fa3b-d22d-45cf-9662-e7265ec0c730}</UniqueIdentifier>
    </Filter>
    <Filter Include="Header Files\Core\Module\Game\GamePhase">
      <UniqueIdentifier>{c12ef94f-f02e-43d5-b285-9a888d536da3}</UniqueIdentifier>
    </Filter>
    <Filter Include="Source Files\Core\Module\Game\GamePhase">
      <UniqueIdentifier>{4649f388-74d4-42b3-ab03-fe96096f7b9a}</UniqueIdentifier>
    </Filter>
    <Filter Include="Source Files\Core\Module\Game\GameState">
      <UniqueIdentifier>{01106e5e-172d-4d16-a6a7-66f07c3844ba}</UniqueIdentifier>
    </Filter>
    <Filter Include="Header Files\Core\Module\Game\GameState">
      <UniqueIdentifier>{035e9cd7-db7b-49e9-b04d-65d4336fca3b}</UniqueIdentifier>
    </Filter>
    <Filter Include="Source Files\Core\Module\Game\Level">
      <UniqueIdentifier>{5373b5dc-7542-46a1-8466-5c918f25b8e6}</UniqueIdentifier>
    </Filter>
    <Filter Include="Header Files\Core\Module\Game\Level">
      <UniqueIdentifier>{e28fe64f-b30d-4d85-8ab3-6917fc0a3b62}</UniqueIdentifier>
    </Filter>
  </ItemGroup>
  <ItemGroup>
    <ClCompile Include="Main.cpp">
      <Filter>Source Files</Filter>
    </ClCompile>
    <ClCompile Include="Entity.cpp">
      <Filter>Source Files\Entity</Filter>
    </ClCompile>
    <ClCompile Include="EntityComponent.cpp">
      <Filter>Source Files\Entity\Component</Filter>
    </ClCompile>
    <ClCompile Include="EntityFactory.cpp">
      <Filter>Source Files\Entity</Filter>
    </ClCompile>
    <ClCompile Include="GraphicsComponent.cpp">
      <Filter>Source Files\Entity\Component</Filter>
    </ClCompile>
    <ClCompile Include="NetworkInputComponent.cpp">
      <Filter>Source Files\Entity\Component</Filter>
    </ClCompile>
    <ClCompile Include="PhysicsComponent.cpp">
      <Filter>Source Files\Entity\Component</Filter>
    </ClCompile>
    <ClCompile Include="PlayerInputComponent.cpp">
      <Filter>Source Files\Entity\Component</Filter>
    </ClCompile>
    <ClCompile Include="SoundComponent.cpp">
      <Filter>Source Files\Entity\Component</Filter>
    </ClCompile>
    <ClCompile Include="AiComponent.cpp">
      <Filter>Source Files\Entity\Component</Filter>
    </ClCompile>
    <ClCompile Include="Character.cpp">
      <Filter>Source Files\Entity\Character</Filter>
    </ClCompile>
    <ClCompile Include="Npc.cpp">
      <Filter>Source Files\Entity\Character</Filter>
    </ClCompile>
    <ClCompile Include="Player.cpp">
      <Filter>Source Files\Entity\Character</Filter>
    </ClCompile>
    <ClCompile Include="UnsopportedEntityException.cpp">
      <Filter>Source Files\Exception</Filter>
    </ClCompile>
    <ClCompile Include="TimeUtilities.cpp">
      <Filter>Source Files\Utility</Filter>
    </ClCompile>
    <ClCompile Include="Logger.cpp">
      <Filter>Source Files\Utility</Filter>
    </ClCompile>
    <ClCompile Include="Engine.cpp">
      <Filter>Source Files\Core</Filter>
    </ClCompile>
    <ClCompile Include="Module.cpp">
      <Filter>Source Files\Core\Module</Filter>
    </ClCompile>
    <ClCompile Include="Audio.cpp">
      <Filter>Source Files\Core\Module</Filter>
    </ClCompile>
    <ClCompile Include="Game.cpp">
      <Filter>Source Files\Core\Module\Game</Filter>
    </ClCompile>
    <ClCompile Include="Renderer.cpp">
      <Filter>Source Files\Core\Module\Renderer</Filter>
    </ClCompile>
    <ClCompile Include="Camera.cpp">
      <Filter>Source Files\Core\Module\Renderer</Filter>
    </ClCompile>
    <ClCompile Include="Console.cpp">
      <Filter>Source Files\Utility</Filter>
    </ClCompile>
    <ClCompile Include="Network.cpp">
      <Filter>Source Files\Core\Module\Network</Filter>
    </ClCompile>
    <ClCompile Include="ChatBoard.cpp">
      <Filter>Source Files\Core\Module\Network</Filter>
    </ClCompile>
    <ClCompile Include="ReourceLoader.cpp">
      <Filter>Source Files\Utility</Filter>
    </ClCompile>
    <ClCompile Include="Tile.cpp">
      <Filter>Source Files\Entity</Filter>
    </ClCompile>
    <ClCompile Include="GamePhase.cpp">
      <Filter>Source Files\Core\Module\Game\GamePhase</Filter>
    </ClCompile>
    <ClCompile Include="LoadingScreen.cpp">
      <Filter>Source Files\Core\Module\Game\GamePhase</Filter>
    </ClCompile>
    <ClCompile Include="MainGame.cpp">
      <Filter>Source Files\Core\Module\Game\GamePhase</Filter>
    </ClCompile>
    <ClCompile Include="Menu.cpp">
      <Filter>Source Files\Core\Module\Game\GamePhase</Filter>
    </ClCompile>
    <ClCompile Include="GameState.cpp">
      <Filter>Source Files\Core\Module\Game\GameState</Filter>
    </ClCompile>
    <ClCompile Include="GameStateLoader.cpp">
      <Filter>Source Files\Core\Module\Game\GameState</Filter>
    </ClCompile>
    <ClCompile Include="GameStateSaver.cpp">
      <Filter>Source Files\Core\Module\Game\GameState</Filter>
    </ClCompile>
    <ClCompile Include="Minimap.cpp">
      <Filter>Source Files\Core\Module\Game\Level</Filter>
    </ClCompile>
    <ClCompile Include="Tilemap.cpp">
      <Filter>Source Files\Core\Module\Game\Level</Filter>
    </ClCompile>
    <ClCompile Include="Level.cpp">
      <Filter>Source Files\Core\Module\Game\Level</Filter>
    </ClCompile>
    <ClCompile Include="UI.cpp">
      <Filter>Source Files\Core\Module\Game</Filter>
    </ClCompile>
    <ClCompile Include="GameLogic.cpp">
      <Filter>Source Files\Core\Module\Game</Filter>
    </ClCompile>
    <ClCompile Include="InvalidEngineStateException.cpp">
      <Filter>Source Files\Exception</Filter>
    </ClCompile>
    <ClCompile Include="EntityManager.cpp">
      <Filter>Source Files\Entity</Filter>
    </ClCompile>
    <ClCompile Include="AnimationComponent.cpp">
      <Filter>Source Files\Entity\Component</Filter>
    </ClCompile>
    <ClCompile Include="Blackboard.cpp">
      <Filter>Source Files\Core</Filter>
    </ClCompile>
  </ItemGroup>
  <ItemGroup>
    <Image Include="Resources\Images\Player.png">
      <Filter>Resource Files</Filter>
    </Image>
    <Image Include="Resources\Images\profantasy-island.png">
      <Filter>Resource Files</Filter>
    </Image>
    <Image Include="Resources\Images\girljump16x4.png">
      <Filter>Resource Files</Filter>
    </Image>
    <Image Include="..\..\..\..\Desktop\tilex7.png">
      <Filter>Resource Files</Filter>
    </Image>
    <Image Include="Resources\Images\tilex7.png">
      <Filter>Resource Files</Filter>
    </Image>
    <Image Include="Resources\Images\squaretiles.png">
      <Filter>Resource Files</Filter>
    </Image>
    <Image Include="Resources\Images\bruteaxe.png">
      <Filter>Resource Files</Filter>
    </Image>
    <Image Include="Resources\Images\noaxereally.png">
      <Filter>Resource Files</Filter>
    </Image>
    <Image Include="Resources\Images\justaxe.png">
      <Filter>Resource Files</Filter>
    </Image>
    <Image Include="Resources\Images\axe_masked.png">
      <Filter>Resource Files</Filter>
    </Image>
    <Image Include="Resources\Images\squaretiles_v2.png">
      <Filter>Resource Files</Filter>
    </Image>
    <Image Include="Resources\Images\squaretiles3.png">
      <Filter>Resource Files</Filter>
    </Image>
    <Image Include="Resources\Images\180tiles (3).png">
      <Filter>Resource Files</Filter>
    </Image>
  </ItemGroup>
  <ItemGroup>
    <None Include="Resources\Images\marchingbyriver_theme.ogg">
      <Filter>Resource Files</Filter>
    </None>
    <None Include="easy.py">
      <Filter>Resource Files</Filter>
    </None>
  </ItemGroup>
  <ItemGroup>
    <ClInclude Include="Entity.h">
      <Filter>Header Files\Entity</Filter>
    </ClInclude>
    <ClInclude Include="EntityComponent.h">
      <Filter>Header Files\Entity\Component</Filter>
    </ClInclude>
    <ClInclude Include="AiComponent.h">
      <Filter>Header Files\Entity\Component</Filter>
    </ClInclude>
    <ClInclude Include="GraphicsComponent.h">
      <Filter>Header Files\Entity\Component</Filter>
    </ClInclude>
    <ClInclude Include="NetworkInputComponent.h">
      <Filter>Header Files\Entity\Component</Filter>
    </ClInclude>
    <ClInclude Include="PhysicsComponent.h">
      <Filter>Header Files\Entity\Component</Filter>
    </ClInclude>
    <ClInclude Include="PlayerInputComponent.h">
      <Filter>Header Files\Entity\Component</Filter>
    </ClInclude>
    <ClInclude Include="SoundComponent.h">
      <Filter>Header Files\Entity\Component</Filter>
    </ClInclude>
    <ClInclude Include="EntityFactory.h">
      <Filter>Header Files\Entity</Filter>
    </ClInclude>
    <ClInclude Include="Npc.h">
      <Filter>Header Files\Entity\Character</Filter>
    </ClInclude>
    <ClInclude Include="NpcActivity.h">
      <Filter>Header Files\Entity\Character</Filter>
    </ClInclude>
    <ClInclude Include="Player.h">
      <Filter>Header Files\Entity\Character</Filter>
    </ClInclude>
    <ClInclude Include="Character.h">
      <Filter>Header Files\Entity\Character</Filter>
    </ClInclude>
    <ClInclude Include="UnsopportedEntityException.h">
      <Filter>Header Files\Exception</Filter>
    </ClInclude>
    <ClInclude Include="Logger.h">
      <Filter>Header Files\Utility</Filter>
    </ClInclude>
    <ClInclude Include="Engine.h">
      <Filter>Header Files\Core</Filter>
    </ClInclude>
    <ClInclude Include="Module.h">
      <Filter>Header Files\Core\Module</Filter>
    </ClInclude>
    <ClInclude Include="TimeUtilities.h">
      <Filter>Header Files\Utility</Filter>
    </ClInclude>
    <ClInclude Include="Audio.h">
      <Filter>Header Files\Core\Module</Filter>
    </ClInclude>
    <ClInclude Include="Game.h">
      <Filter>Header Files\Core\Module\Game</Filter>
    </ClInclude>
    <ClInclude Include="Renderer.h">
      <Filter>Header Files\Core\Module\Renderer</Filter>
    </ClInclude>
    <ClInclude Include="Camera.h">
      <Filter>Header Files\Core\Module\Renderer</Filter>
    </ClInclude>
    <ClInclude Include="Console.h">
      <Filter>Header Files\Utility</Filter>
    </ClInclude>
    <ClInclude Include="Network.h">
      <Filter>Header Files\Core\Module\Network</Filter>
    </ClInclude>
    <ClInclude Include="ChatBoard.h">
      <Filter>Header Files\Core\Module\Network</Filter>
    </ClInclude>
    <ClInclude Include="ReourceLoader.h">
      <Filter>Header Files\Utility</Filter>
    </ClInclude>
    <ClInclude Include="Tile.h">
      <Filter>Header Files\Entity</Filter>
    </ClInclude>
    <ClInclude Include="LoadingScreen.h">
      <Filter>Header Files\Core\Module\Game\GamePhase</Filter>
    </ClInclude>
    <ClInclude Include="MainGame.h">
      <Filter>Header Files\Core\Module\Game\GamePhase</Filter>
    </ClInclude>
    <ClInclude Include="Menu.h">
      <Filter>Header Files\Core\Module\Game\GamePhase</Filter>
    </ClInclude>
    <ClInclude Include="GamePhase.h">
      <Filter>Header Files\Core\Module\Game\GamePhase</Filter>
    </ClInclude>
    <ClInclude Include="GameState.h">
      <Filter>Header Files\Core\Module\Game\GameState</Filter>
    </ClInclude>
    <ClInclude Include="GameStateLoader.h">
      <Filter>Header Files\Core\Module\Game\GameState</Filter>
    </ClInclude>
    <ClInclude Include="GameStateSaver.h">
      <Filter>Header Files\Core\Module\Game\GameState</Filter>
    </ClInclude>
    <ClInclude Include="UI.h">
      <Filter>Header Files\Core\Module\Game</Filter>
    </ClInclude>
    <ClInclude Include="Tilemap.h">
      <Filter>Header Files\Core\Module\Game\Level</Filter>
    </ClInclude>
    <ClInclude Include="Minimap.h">
      <Filter>Header Files\Core\Module\Game\Level</Filter>
    </ClInclude>
    <ClInclude Include="Level.h">
      <Filter>Header Files\Core\Module\Game\Level</Filter>
    </ClInclude>
    <ClInclude Include="GameLogic.h">
      <Filter>Header Files\Core\Module\Game</Filter>
    </ClInclude>
    <ClInclude Include="InvalidEngineStateException.h">
      <Filter>Header Files\Exception</Filter>
    </ClInclude>
    <ClInclude Include="AnimationComponent.h">
      <Filter>Header Files\Entity\Component</Filter>
    </ClInclude>
    <ClInclude Include="EntityManager.h">
      <Filter>Header Files\Entity</Filter>
    </ClInclude>
    <ClInclude Include="Blackboard.h">
      <Filter>Header Files\Core</Filter>
    </ClInclude>
    <ClInclude Include="ConfigFile.h">
      <Filter>Header Files\Utility</Filter>
    </ClInclude>
  </ItemGroup>
  <ItemGroup>
    <Font Include="Resources\Fonts\sans.ttf">
      <Filter>Resource Files</Filter>
    </Font>
  </ItemGroup>
  <ItemGroup>
    <Text Include="Resources\levels\level00.txt">
      <Filter>Resource Files</Filter>
    </Text>
    <Text Include="level01.txt">
      <Filter>Resource Files</Filter>
    </Text>
    <Text Include="level02.txt">
      <Filter>Resource Files</Filter>
    </Text>
    <Text Include="level02new.txt">
      <Filter>Resource Files</Filter>
    </Text>
  </ItemGroup>
</Project>